
Microsoft Visual Studio Solution File, Format Version 12.00
# Visual Studio Version 17
VisualStudioVersion = 17.10.35013.160
MinimumVisualStudioVersion = 10.0.40219.1
Project("{FAE04EC0-301F-11D3-BF4B-00C04F79EFBC}") = "mvcWebAssesment", "mvcWebAssesment\mvcWebAssesment.csproj", "{BA8FBC98-5E2F-421A-A757-B4E20F418CFE}"
EndProject
Global
	GlobalSection(SolutionConfigurationPlatforms) = preSolution
		Debug|Any CPU = Debug|Any CPU
		Release|Any CPU = Release|Any CPU
	EndGlobalSection
	GlobalSection(ProjectConfigurationPlatforms) = postSolution
		{BA8FBC98-5E2F-421A-A757-B4E20F418CFE}.Debug|Any CPU.ActiveCfg = Debug|Any CPU
		{BA8FBC98-5E2F-421A-A757-B4E20F418CFE}.Debug|Any CPU.Build.0 = Debug|Any CPU
		{BA8FBC98-5E2F-421A-A757-B4E20F418CFE}.Release|Any CPU.ActiveCfg = Release|Any CPU
		{BA8FBC98-5E2F-421A-A757-B4E20F418CFE}.Release|Any CPU.Build.0 = Release|Any CPU
	EndGlobalSection
	GlobalSection(SolutionProperties) = preSolution
		HideSolutionNode = FALSE
	EndGlobalSection
	GlobalSection(ExtensibilityGlobals) = postSolution
		SolutionGuid = {C70107B6-364C-4A39-B092-DE231C86F39B}
	EndGlobalSection
EndGlobal
